
Microsoft Visual Studio Solution File, Format Version 12.00
# Visual Studio 14
VisualStudioVersion = 14.0.25420.1
MinimumVisualStudioVersion = 10.0.40219.1
Project("{FAE04EC0-301F-11D3-BF4B-00C04F79EFBC}") = "BSBestellingsform", "BSBestellingsform\BSBestellingsform.csproj", "{067C3428-B280-4638-8F93-E9288C1568FA}"
EndProject
Project("{FAE04EC0-301F-11D3-BF4B-00C04F79EFBC}") = "DOMAIN", "DOMAIN\DOMAIN.csproj", "{9D964EF1-89D5-4C63-9BAB-61126553B64F}"
EndProject
Global
	GlobalSection(SolutionConfigurationPlatforms) = preSolution
		Debug|Any CPU = Debug|Any CPU
		Release|Any CPU = Release|Any CPU
	EndGlobalSection
	GlobalSection(ProjectConfigurationPlatforms) = postSolution
		{067C3428-B280-4638-8F93-E9288C1568FA}.Debug|Any CPU.ActiveCfg = Debug|Any CPU
		{067C3428-B280-4638-8F93-E9288C1568FA}.Debug|Any CPU.Build.0 = Debug|Any CPU
		{067C3428-B280-4638-8F93-E9288C1568FA}.Release|Any CPU.ActiveCfg = Release|Any CPU
		{067C3428-B280-4638-8F93-E9288C1568FA}.Release|Any CPU.Build.0 = Release|Any CPU
		{9D964EF1-89D5-4C63-9BAB-61126553B64F}.Debug|Any CPU.ActiveCfg = Debug|Any CPU
		{9D964EF1-89D5-4C63-9BAB-61126553B64F}.Debug|Any CPU.Build.0 = Debug|Any CPU
		{9D964EF1-89D5-4C63-9BAB-61126553B64F}.Release|Any CPU.ActiveCfg = Release|Any CPU
		{9D964EF1-89D5-4C63-9BAB-61126553B64F}.Release|Any CPU.Build.0 = Release|Any CPU
	EndGlobalSection
	GlobalSection(SolutionProperties) = preSolution
		HideSolutionNode = FALSE
	EndGlobalSection
EndGlobal
